
Microsoft Visual Studio Solution File, Format Version 12.00
# Visual Studio Version 16
VisualStudioVersion = 16.0.30717.126
MinimumVisualStudioVersion = 10.0.40219.1
Project("{FAE04EC0-301F-11D3-BF4B-00C04F79EFBC}") = "SauceDemo_MP", "SauceDemo_MP\SauceDemo_MP.csproj", "{27174602-7974-4C4E-B182-2EE68B58D7E9}"
EndProject
Global
	GlobalSection(SolutionConfigurationPlatforms) = preSolution
		Debug|Any CPU = Debug|Any CPU
		Release|Any CPU = Release|Any CPU
	EndGlobalSection
	GlobalSection(ProjectConfigurationPlatforms) = postSolution
		{27174602-7974-4C4E-B182-2EE68B58D7E9}.Debug|Any CPU.ActiveCfg = Debug|Any CPU
		{27174602-7974-4C4E-B182-2EE68B58D7E9}.Debug|Any CPU.Build.0 = Debug|Any CPU
		{27174602-7974-4C4E-B182-2EE68B58D7E9}.Release|Any CPU.ActiveCfg = Release|Any CPU
		{27174602-7974-4C4E-B182-2EE68B58D7E9}.Release|Any CPU.Build.0 = Release|Any CPU
	EndGlobalSection
	GlobalSection(SolutionProperties) = preSolution
		HideSolutionNode = FALSE
	EndGlobalSection
	GlobalSection(ExtensibilityGlobals) = postSolution
		SolutionGuid = {8898EA10-613A-4312-98E0-6C7F30E8E723}
	EndGlobalSection
EndGlobal
